// !$*UTF8*$!
{
	archiveVersion = 1;
	classes = {
	};
	objectVersion = 46;
	objects = {

/* Begin PBXBuildFile section */
		4E4A8B6A1D3E570E00BC26D0 /* UIViewController+ExtensionTests.swift in Sources */ = {isa = PBXBuildFile; fileRef = 4E4A8B691D3E570E00BC26D0 /* UIViewController+ExtensionTests.swift */; };
		4E957D641D4B799900178FEE /* PDLUIToolBox.framework in Frameworks */ = {isa = PBXBuildFile; fileRef = 4EED56291D3BBABE00F06F9E /* PDLUIToolBox.framework */; };
		4EC6B8FA1DC535E500344C93 /* PDLTestBench.framework in Frameworks */ = {isa = PBXBuildFile; fileRef = 4EC6B8F91DC535E500344C93 /* PDLTestBench.framework */; };
		4EC6B8FC1DC535E900344C93 /* PDLToolBox.framework in Frameworks */ = {isa = PBXBuildFile; fileRef = 4EC6B8FB1DC535E900344C93 /* PDLToolBox.framework */; };
		4EC98D1D1D3DDDFA0056409F /* UIViewController+Extension.swift in Sources */ = {isa = PBXBuildFile; fileRef = 4EC98D1C1D3DDDFA0056409F /* UIViewController+Extension.swift */; };
		4EE99BB21D4C6D0B001FE09F /* UIView+Extension.swift in Sources */ = {isa = PBXBuildFile; fileRef = 4EE99BB11D4C6D0B001FE09F /* UIView+Extension.swift */; };
		4EE99BB61D4C6D39001FE09F /* UIView+ExtensionTests.swift in Sources */ = {isa = PBXBuildFile; fileRef = 4EE99BB51D4C6D39001FE09F /* UIView+ExtensionTests.swift */; };
		4EED562D1D3BBABE00F06F9E /* PDLUIToolBox.h in Headers */ = {isa = PBXBuildFile; fileRef = 4EED562C1D3BBABE00F06F9E /* PDLUIToolBox.h */; settings = {ATTRIBUTES = (Public, ); }; };
		4EED56391D3BBABE00F06F9E /* PDLUIToolBoxTests.swift in Sources */ = {isa = PBXBuildFile; fileRef = 4EED56381D3BBABE00F06F9E /* PDLUIToolBoxTests.swift */; };
		4EED567E1D3BBCE300F06F9E /* FloatingUIAlertController.swift in Sources */ = {isa = PBXBuildFile; fileRef = 4EED567D1D3BBCE300F06F9E /* FloatingUIAlertController.swift */; };
		4EED568A1D3BBF0300F06F9E /* FloatingUIAlertControllerTests.swift in Sources */ = {isa = PBXBuildFile; fileRef = 4EED56891D3BBF0300F06F9E /* FloatingUIAlertControllerTests.swift */; };
/* End PBXBuildFile section */

/* Begin PBXContainerItemProxy section */
		4EED56351D3BBABE00F06F9E /* PBXContainerItemProxy */ = {
			isa = PBXContainerItemProxy;
			containerPortal = 4EED56201D3BBABE00F06F9E /* Project object */;
			proxyType = 1;
			remoteGlobalIDString = 4EED56281D3BBABE00F06F9E;
			remoteInfo = PDLUIToolBox;
		};
/* End PBXContainerItemProxy section */

/* Begin PBXFileReference section */
		4E0796271DA1EB7D00DB7BB3 /* PDLToolBox.framework */ = {isa = PBXFileReference; lastKnownFileType = wrapper.framework; name = PDLToolBox.framework; path = "../../../../Library/Developer/Xcode/DerivedData/FrameworksWorkshop-fsqorhubekxrodcjuyyywvtotbxm/Build/Products/Debug-iphonesimulator/PDLToolBox.framework"; sourceTree = "<group>"; };
		4E4A8B691D3E570E00BC26D0 /* UIViewController+ExtensionTests.swift */ = {isa = PBXFileReference; fileEncoding = 4; lastKnownFileType = sourcecode.swift; path = "UIViewController+ExtensionTests.swift"; sourceTree = "<group>"; };
		4EC6B8F91DC535E500344C93 /* PDLTestBench.framework */ = {isa = PBXFileReference; lastKnownFileType = wrapper.framework; name = PDLTestBench.framework; path = "../../../../Library/Developer/Xcode/DerivedData/FrameworksWorkshop-fsqorhubekxrodcjuyyywvtotbxm/Build/Products/Debug-iphoneos/PDLTestBench.framework"; sourceTree = "<group>"; };
		4EC6B8FB1DC535E900344C93 /* PDLToolBox.framework */ = {isa = PBXFileReference; lastKnownFileType = wrapper.framework; name = PDLToolBox.framework; path = "../../../../Library/Developer/Xcode/DerivedData/FrameworksWorkshop-fsqorhubekxrodcjuyyywvtotbxm/Build/Products/Debug-iphoneos/PDLToolBox.framework"; sourceTree = "<group>"; };
		4EC98D1C1D3DDDFA0056409F /* UIViewController+Extension.swift */ = {isa = PBXFileReference; fileEncoding = 4; lastKnownFileType = sourcecode.swift; path = "UIViewController+Extension.swift"; sourceTree = "<group>"; };
		4EE99BB11D4C6D0B001FE09F /* UIView+Extension.swift */ = {isa = PBXFileReference; fileEncoding = 4; lastKnownFileType = sourcecode.swift; path = "UIView+Extension.swift"; sourceTree = "<group>"; };
		4EE99BB51D4C6D39001FE09F /* UIView+ExtensionTests.swift */ = {isa = PBXFileReference; fileEncoding = 4; lastKnownFileType = sourcecode.swift; path = "UIView+ExtensionTests.swift"; sourceTree = "<group>"; };
		4EED56291D3BBABE00F06F9E /* PDLUIToolBox.framework */ = {isa = PBXFileReference; explicitFileType = wrapper.framework; includeInIndex = 0; path = PDLUIToolBox.framework; sourceTree = BUILT_PRODUCTS_DIR; };
		4EED562C1D3BBABE00F06F9E /* PDLUIToolBox.h */ = {isa = PBXFileReference; lastKnownFileType = sourcecode.c.h; path = PDLUIToolBox.h; sourceTree = "<group>"; };
		4EED562E1D3BBABE00F06F9E /* Info.plist */ = {isa = PBXFileReference; lastKnownFileType = text.plist.xml; path = Info.plist; sourceTree = "<group>"; };
		4EED56331D3BBABE00F06F9E /* PDLUIToolBoxTests.xctest */ = {isa = PBXFileReference; explicitFileType = wrapper.cfbundle; includeInIndex = 0; path = PDLUIToolBoxTests.xctest; sourceTree = BUILT_PRODUCTS_DIR; };
		4EED56381D3BBABE00F06F9E /* PDLUIToolBoxTests.swift */ = {isa = PBXFileReference; lastKnownFileType = sourcecode.swift; path = PDLUIToolBoxTests.swift; sourceTree = "<group>"; };
		4EED563A1D3BBABE00F06F9E /* Info.plist */ = {isa = PBXFileReference; lastKnownFileType = text.plist.xml; path = Info.plist; sourceTree = "<group>"; };
		4EED567D1D3BBCE300F06F9E /* FloatingUIAlertController.swift */ = {isa = PBXFileReference; fileEncoding = 4; lastKnownFileType = sourcecode.swift; path = FloatingUIAlertController.swift; sourceTree = "<group>"; };
		4EED56891D3BBF0300F06F9E /* FloatingUIAlertControllerTests.swift */ = {isa = PBXFileReference; fileEncoding = 4; lastKnownFileType = sourcecode.swift; path = FloatingUIAlertControllerTests.swift; sourceTree = "<group>"; };
/* End PBXFileReference section */

/* Begin PBXFrameworksBuildPhase section */
		4EED56251D3BBABE00F06F9E /* Frameworks */ = {
			isa = PBXFrameworksBuildPhase;
			buildActionMask = 2147483647;
			files = (
			);
			runOnlyForDeploymentPostprocessing = 0;
		};
		4EED56301D3BBABE00F06F9E /* Frameworks */ = {
			isa = PBXFrameworksBuildPhase;
			buildActionMask = 2147483647;
			files = (
				4E957D641D4B799900178FEE /* PDLUIToolBox.framework in Frameworks */,
				4EC6B8FA1DC535E500344C93 /* PDLTestBench.framework in Frameworks */,
				4EC6B8FC1DC535E900344C93 /* PDLToolBox.framework in Frameworks */,
			);
			runOnlyForDeploymentPostprocessing = 0;
		};
/* End PBXFrameworksBuildPhase section */

/* Begin PBXGroup section */
		4E0796261DA1EB7D00DB7BB3 /* Frameworks */ = {
			isa = PBXGroup;
			children = (
				4EC6B8FB1DC535E900344C93 /* PDLToolBox.framework */,
				4EC6B8F91DC535E500344C93 /* PDLTestBench.framework */,
				4E0796271DA1EB7D00DB7BB3 /* PDLToolBox.framework */,
			);
			name = Frameworks;
			sourceTree = "<group>";
		};
		4EED561F1D3BBABE00F06F9E = {
			isa = PBXGroup;
			children = (
				4EED562B1D3BBABE00F06F9E /* PDLUIToolBox */,
				4EED56371D3BBABE00F06F9E /* PDLUIToolBoxTests */,
				4E0796261DA1EB7D00DB7BB3 /* Frameworks */,
				4EED562A1D3BBABE00F06F9E /* Products */,
			);
			sourceTree = "<group>";
		};
		4EED562A1D3BBABE00F06F9E /* Products */ = {
			isa = PBXGroup;
			children = (
				4EED56291D3BBABE00F06F9E /* PDLUIToolBox.framework */,
				4EED56331D3BBABE00F06F9E /* PDLUIToolBoxTests.xctest */,
			);
			name = Products;
			sourceTree = "<group>";
		};
		4EED562B1D3BBABE00F06F9E /* PDLUIToolBox */ = {
			isa = PBXGroup;
			children = (
				4EED562C1D3BBABE00F06F9E /* PDLUIToolBox.h */,
				4EED562E1D3BBABE00F06F9E /* Info.plist */,
				4EED567D1D3BBCE300F06F9E /* FloatingUIAlertController.swift */,
				4EC98D1C1D3DDDFA0056409F /* UIViewController+Extension.swift */,
				4EE99BB11D4C6D0B001FE09F /* UIView+Extension.swift */,
			);
			path = PDLUIToolBox;
			sourceTree = "<group>";
		};
		4EED56371D3BBABE00F06F9E /* PDLUIToolBoxTests */ = {
			isa = PBXGroup;
			children = (
				4EED56381D3BBABE00F06F9E /* PDLUIToolBoxTests.swift */,
				4EED563A1D3BBABE00F06F9E /* Info.plist */,
				4EED56891D3BBF0300F06F9E /* FloatingUIAlertControllerTests.swift */,
				4E4A8B691D3E570E00BC26D0 /* UIViewController+ExtensionTests.swift */,
				4EE99BB51D4C6D39001FE09F /* UIView+ExtensionTests.swift */,
			);
			path = PDLUIToolBoxTests;
			sourceTree = "<group>";
		};
/* End PBXGroup section */

/* Begin PBXHeadersBuildPhase section */
		4EED56261D3BBABE00F06F9E /* Headers */ = {
			isa = PBXHeadersBuildPhase;
			buildActionMask = 2147483647;
			files = (
				4EED562D1D3BBABE00F06F9E /* PDLUIToolBox.h in Headers */,
			);
			runOnlyForDeploymentPostprocessing = 0;
		};
/* End PBXHeadersBuildPhase section */

/* Begin PBXNativeTarget section */
		4EED56281D3BBABE00F06F9E /* PDLUIToolBox */ = {
			isa = PBXNativeTarget;
			buildConfigurationList = 4EED563D1D3BBABE00F06F9E /* Build configuration list for PBXNativeTarget "PDLUIToolBox" */;
			buildPhases = (
				4EED56241D3BBABE00F06F9E /* Sources */,
				4EED56251D3BBABE00F06F9E /* Frameworks */,
				4EED56261D3BBABE00F06F9E /* Headers */,
				4EED56271D3BBABE00F06F9E /* Resources */,
			);
			buildRules = (
			);
			dependencies = (
			);
			name = PDLUIToolBox;
			productName = PDLUIToolBox;
			productReference = 4EED56291D3BBABE00F06F9E /* PDLUIToolBox.framework */;
			productType = "com.apple.product-type.framework";
		};
		4EED56321D3BBABE00F06F9E /* PDLUIToolBoxTests */ = {
			isa = PBXNativeTarget;
			buildConfigurationList = 4EED56401D3BBABE00F06F9E /* Build configuration list for PBXNativeTarget "PDLUIToolBoxTests" */;
			buildPhases = (
				4EED562F1D3BBABE00F06F9E /* Sources */,
				4EED56301D3BBABE00F06F9E /* Frameworks */,
				4EED56311D3BBABE00F06F9E /* Resources */,
			);
			buildRules = (
			);
			dependencies = (
				4EED56361D3BBABE00F06F9E /* PBXTargetDependency */,
			);
			name = PDLUIToolBoxTests;
			productName = PDLUIToolBoxTests;
			productReference = 4EED56331D3BBABE00F06F9E /* PDLUIToolBoxTests.xctest */;
			productType = "com.apple.product-type.bundle.unit-test";
		};
/* End PBXNativeTarget section */

/* Begin PBXProject section */
		4EED56201D3BBABE00F06F9E /* Project object */ = {
			isa = PBXProject;
			attributes = {
				LastSwiftUpdateCheck = 0730;
				LastUpgradeCheck = 0810;
				ORGANIZATIONNAME = "Pinpoint Dynamics";
				TargetAttributes = {
					4EED56281D3BBABE00F06F9E = {
						CreatedOnToolsVersion = 7.3.1;
						DevelopmentTeam = 7WAY8D5BF4;
						LastSwiftMigration = 0800;
						ProvisioningStyle = Automatic;
					};
					4EED56321D3BBABE00F06F9E = {
						CreatedOnToolsVersion = 7.3.1;
						DevelopmentTeam = 7WAY8D5BF4;
						LastSwiftMigration = 0800;
					};
				};
			};
			buildConfigurationList = 4EED56231D3BBABE00F06F9E /* Build configuration list for PBXProject "PDLUIToolBox" */;
			compatibilityVersion = "Xcode 3.2";
			developmentRegion = English;
			hasScannedForEncodings = 0;
			knownRegions = (
				en,
			);
			mainGroup = 4EED561F1D3BBABE00F06F9E;
			productRefGroup = 4EED562A1D3BBABE00F06F9E /* Products */;
			projectDirPath = "";
			projectRoot = "";
			targets = (
				4EED56281D3BBABE00F06F9E /* PDLUIToolBox */,
				4EED56321D3BBABE00F06F9E /* PDLUIToolBoxTests */,
			);
		};
/* End PBXProject section */

/* Begin PBXResourcesBuildPhase section */
		4EED56271D3BBABE00F06F9E /* Resources */ = {
			isa = PBXResourcesBuildPhase;
			buildActionMask = 2147483647;
			files = (
			);
			runOnlyForDeploymentPostprocessing = 0;
		};
		4EED56311D3BBABE00F06F9E /* Resources */ = {
			isa = PBXResourcesBuildPhase;
			buildActionMask = 2147483647;
			files = (
			);
			runOnlyForDeploymentPostprocessing = 0;
		};
/* End PBXResourcesBuildPhase section */

/* Begin PBXSourcesBuildPhase section */
		4EED56241D3BBABE00F06F9E /* Sources */ = {
			isa = PBXSourcesBuildPhase;
			buildActionMask = 2147483647;
			files = (
				4EE99BB21D4C6D0B001FE09F /* UIView+Extension.swift in Sources */,
				4EC98D1D1D3DDDFA0056409F /* UIViewController+Extension.swift in Sources */,
				4EED567E1D3BBCE300F06F9E /* FloatingUIAlertController.swift in Sources */,
			);
			runOnlyForDeploymentPostprocessing = 0;
		};
		4EED562F1D3BBABE00F06F9E /* Sources */ = {
			isa = PBXSourcesBuildPhase;
			buildActionMask = 2147483647;
			files = (
				4EED568A1D3BBF0300F06F9E /* FloatingUIAlertControllerTests.swift in Sources */,
				4EED56391D3BBABE00F06F9E /* PDLUIToolBoxTests.swift in Sources */,
				4EE99BB61D4C6D39001FE09F /* UIView+ExtensionTests.swift in Sources */,
				4E4A8B6A1D3E570E00BC26D0 /* UIViewController+ExtensionTests.swift in Sources */,
			);
			runOnlyForDeploymentPostprocessing = 0;
		};
/* End PBXSourcesBuildPhase section */

/* Begin PBXTargetDependency section */
		4EED56361D3BBABE00F06F9E /* PBXTargetDependency */ = {
			isa = PBXTargetDependency;
			target = 4EED56281D3BBABE00F06F9E /* PDLUIToolBox */;
			targetProxy = 4EED56351D3BBABE00F06F9E /* PBXContainerItemProxy */;
		};
/* End PBXTargetDependency section */

/* Begin XCBuildConfiguration section */
		4EED563B1D3BBABE00F06F9E /* Debug */ = {
			isa = XCBuildConfiguration;
			buildSettings = {
				ALWAYS_SEARCH_USER_PATHS = NO;
				CLANG_ANALYZER_NONNULL = YES;
				CLANG_CXX_LANGUAGE_STANDARD = "gnu++0x";
				CLANG_CXX_LIBRARY = "libc++";
				CLANG_ENABLE_MODULES = YES;
				CLANG_ENABLE_OBJC_ARC = YES;
				CLANG_WARN_BOOL_CONVERSION = YES;
				CLANG_WARN_CONSTANT_CONVERSION = YES;
				CLANG_WARN_DIRECT_OBJC_ISA_USAGE = YES_ERROR;
				CLANG_WARN_EMPTY_BODY = YES;
				CLANG_WARN_ENUM_CONVERSION = YES;
				CLANG_WARN_INFINITE_RECURSION = YES;
				CLANG_WARN_INT_CONVERSION = YES;
				CLANG_WARN_OBJC_ROOT_CLASS = YES_ERROR;
				CLANG_WARN_SUSPICIOUS_MOVE = YES;
				CLANG_WARN_UNREACHABLE_CODE = YES;
				CLANG_WARN__DUPLICATE_METHOD_MATCH = YES;
				"CODE_SIGN_IDENTITY[sdk=iphoneos*]" = "iPhone Developer";
				COPY_PHASE_STRIP = NO;
				CURRENT_PROJECT_VERSION = 1;
				DEBUG_INFORMATION_FORMAT = dwarf;
				ENABLE_STRICT_OBJC_MSGSEND = YES;
				ENABLE_TESTABILITY = YES;
				GCC_C_LANGUAGE_STANDARD = gnu99;
				GCC_DYNAMIC_NO_PIC = NO;
				GCC_NO_COMMON_BLOCKS = YES;
				GCC_OPTIMIZATION_LEVEL = 0;
				GCC_PREPROCESSOR_DEFINITIONS = (
					"DEBUG=1",
					"$(inherited)",
				);
				GCC_WARN_64_TO_32_BIT_CONVERSION = YES;
				GCC_WARN_ABOUT_RETURN_TYPE = YES_ERROR;
				GCC_WARN_UNDECLARED_SELECTOR = YES;
				GCC_WARN_UNINITIALIZED_AUTOS = YES_AGGRESSIVE;
				GCC_WARN_UNUSED_FUNCTION = YES;
				GCC_WARN_UNUSED_VARIABLE = YES;
				IPHONEOS_DEPLOYMENT_TARGET = 9.3;
				MTL_ENABLE_DEBUG_INFO = YES;
				ONLY_ACTIVE_ARCH = YES;
				SDKROOT = iphoneos;
				SWIFT_OPTIMIZATION_LEVEL = "-Onone";
				TARGETED_DEVICE_FAMILY = "1,2";
				VERSIONING_SYSTEM = "apple-generic";
				VERSION_INFO_PREFIX = "";
			};
			name = Debug;
		};
		4EED563C1D3BBABE00F06F9E /* Release */ = {
			isa = XCBuildConfiguration;
			buildSettings = {
				ALWAYS_SEARCH_USER_PATHS = NO;
				CLANG_ANALYZER_NONNULL = YES;
				CLANG_CXX_LANGUAGE_STANDARD = "gnu++0x";
				CLANG_CXX_LIBRARY = "libc++";
				CLANG_ENABLE_MODULES = YES;
				CLANG_ENABLE_OBJC_ARC = YES;
				CLANG_WARN_BOOL_CONVERSION = YES;
				CLANG_WARN_CONSTANT_CONVERSION = YES;
				CLANG_WARN_DIRECT_OBJC_ISA_USAGE = YES_ERROR;
				CLANG_WARN_EMPTY_BODY = YES;
				CLANG_WARN_ENUM_CONVERSION = YES;
				CLANG_WARN_INFINITE_RECURSION = YES;
				CLANG_WARN_INT_CONVERSION = YES;
				CLANG_WARN_OBJC_ROOT_CLASS = YES_ERROR;
				CLANG_WARN_SUSPICIOUS_MOVE = YES;
				CLANG_WARN_UNREACHABLE_CODE = YES;
				CLANG_WARN__DUPLICATE_METHOD_MATCH = YES;
				"CODE_SIGN_IDENTITY[sdk=iphoneos*]" = "iPhone Developer";
				COPY_PHASE_STRIP = NO;
				CURRENT_PROJECT_VERSION = 1;
				DEBUG_INFORMATION_FORMAT = "dwarf-with-dsym";
				ENABLE_NS_ASSERTIONS = NO;
				ENABLE_STRICT_OBJC_MSGSEND = YES;
				GCC_C_LANGUAGE_STANDARD = gnu99;
				GCC_NO_COMMON_BLOCKS = YES;
				GCC_WARN_64_TO_32_BIT_CONVERSION = YES;
				GCC_WARN_ABOUT_RETURN_TYPE = YES_ERROR;
				GCC_WARN_UNDECLARED_SELECTOR = YES;
				GCC_WARN_UNINITIALIZED_AUTOS = YES_AGGRESSIVE;
				GCC_WARN_UNUSED_FUNCTION = YES;
				GCC_WARN_UNUSED_VARIABLE = YES;
				IPHONEOS_DEPLOYMENT_TARGET = 9.3;
				MTL_ENABLE_DEBUG_INFO = NO;
				SDKROOT = iphoneos;
				SWIFT_OPTIMIZATION_LEVEL = "-Owholemodule";
				TARGETED_DEVICE_FAMILY = "1,2";
				VALIDATE_PRODUCT = YES;
				VERSIONING_SYSTEM = "apple-generic";
				VERSION_INFO_PREFIX = "";
			};
			name = Release;
		};
		4EED563E1D3BBABE00F06F9E /* Debug */ = {
			isa = XCBuildConfiguration;
			buildSettings = {
				CLANG_ENABLE_MODULES = YES;
				"CODE_SIGN_IDENTITY[sdk=iphoneos*]" = "";
				DEFINES_MODULE = YES;
				DEVELOPMENT_TEAM = 7WAY8D5BF4;
				DYLIB_COMPATIBILITY_VERSION = 1;
				DYLIB_CURRENT_VERSION = 1;
				DYLIB_INSTALL_NAME_BASE = "@rpath";
				INFOPLIST_FILE = PDLUIToolBox/Info.plist;
				INSTALL_PATH = "$(LOCAL_LIBRARY_DIR)/Frameworks";
				LD_RUNPATH_SEARCH_PATHS = "$(inherited) @executable_path/Frameworks @loader_path/Frameworks";
				PRODUCT_BUNDLE_IDENTIFIER = com.pinpointdynamics.PDLUIToolBox;
				PRODUCT_NAME = "$(TARGET_NAME)";
				SKIP_INSTALL = YES;
				SWIFT_OPTIMIZATION_LEVEL = "-Onone";
				SWIFT_VERSION = 3.0;
			};
			name = Debug;
		};
		4EED563F1D3BBABE00F06F9E /* Release */ = {
			isa = XCBuildConfiguration;
			buildSettings = {
				CLANG_ENABLE_MODULES = YES;
				"CODE_SIGN_IDENTITY[sdk=iphoneos*]" = "";
				DEFINES_MODULE = YES;
				DEVELOPMENT_TEAM = 7WAY8D5BF4;
				DYLIB_COMPATIBILITY_VERSION = 1;
				DYLIB_CURRENT_VERSION = 1;
				DYLIB_INSTALL_NAME_BASE = "@rpath";
				INFOPLIST_FILE = PDLUIToolBox/Info.plist;
				INSTALL_PATH = "$(LOCAL_LIBRARY_DIR)/Frameworks";
				LD_RUNPATH_SEARCH_PATHS = "$(inherited) @executable_path/Frameworks @loader_path/Frameworks";
				PRODUCT_BUNDLE_IDENTIFIER = com.pinpointdynamics.PDLUIToolBox;
				PRODUCT_NAME = "$(TARGET_NAME)";
				SKIP_INSTALL = YES;
				SWIFT_VERSION = 3.0;
			};
			name = Release;
		};
		4EED56411D3BBABE00F06F9E /* Debug */ = {
			isa = XCBuildConfiguration;
			buildSettings = {
				DEVELOPMENT_TEAM = 7WAY8D5BF4;
				INFOPLIST_FILE = PDLUIToolBoxTests/Info.plist;
				LD_RUNPATH_SEARCH_PATHS = "$(inherited) @executable_path/Frameworks @loader_path/Frameworks";
				PRODUCT_BUNDLE_IDENTIFIER = com.pinpointdynamics.PDLUIToolBoxTests;
				PRODUCT_NAME = "$(TARGET_NAME)";
				SWIFT_VERSION = 3.0;
			};
			name = Debug;
		};
		4EED56421D3BBABE00F06F9E /* Release */ = {
			isa = XCBuildConfiguration;
			buildSettings = {
				DEVELOPMENT_TEAM = 7WAY8D5BF4;
				INFOPLIST_FILE = PDLUIToolBoxTests/Info.plist;
				LD_RUNPATH_SEARCH_PATHS = "$(inherited) @executable_path/Frameworks @loader_path/Frameworks";
				PRODUCT_BUNDLE_IDENTIFIER = com.pinpointdynamics.PDLUIToolBoxTests;
				PRODUCT_NAME = "$(TARGET_NAME)";
				SWIFT_VERSION = 3.0;
			};
			name = Release;
		};
/* End XCBuildConfiguration section */

/* Begin XCConfigurationList section */
		4EED56231D3BBABE00F06F9E /* Build configuration list for PBXProject "PDLUIToolBox" */ = {
			isa = XCConfigurationList;
			buildConfigurations = (
				4EED563B1D3BBABE00F06F9E /* Debug */,
				4EED563C1D3BBABE00F06F9E /* Release */,
			);
			defaultConfigurationIsVisible = 0;
			defaultConfigurationName = Release;
		};
		4EED563D1D3BBABE00F06F9E /* Build configuration list for PBXNativeTarget "PDLUIToolBox" */ = {
			isa = XCConfigurationList;
			buildConfigurations = (
				4EED563E1D3BBABE00F06F9E /* Debug */,
				4EED563F1D3BBABE00F06F9E /* Release */,
			);
			defaultConfigurationIsVisible = 0;
			defaultConfigurationName = Release;
		};
		4EED56401D3BBABE00F06F9E /* Build configuration list for PBXNativeTarget "PDLUIToolBoxTests" */ = {
			isa = XCConfigurationList;
			buildConfigurations = (
				4EED56411D3BBABE00F06F9E /* Debug */,
				4EED56421D3BBABE00F06F9E /* Release */,
			);
			defaultConfigurationIsVisible = 0;
			defaultConfigurationName = Release;
		};
/* End XCConfigurationList section */
	};
	rootObject = 4EED56201D3BBABE00F06F9E /* Project object */;
}
